
Microsoft Visual Studio Solution File, Format Version 12.00
# Visual Studio Version 17
VisualStudioVersion = 17.13.35818.85 d17.13
MinimumVisualStudioVersion = 10.0.40219.1
Project("{FAE04EC0-301F-11D3-BF4B-00C04F79EFBC}") = "pj_01", "pj_01\pj_01.csproj", "{117C46D9-CA8D-4686-A8C1-0263A24E59F0}"
EndProject
Global
	GlobalSection(SolutionConfigurationPlatforms) = preSolution
		Debug|Any CPU = Debug|Any CPU
		Release|Any CPU = Release|Any CPU
	EndGlobalSection
	GlobalSection(ProjectConfigurationPlatforms) = postSolution
		{117C46D9-CA8D-4686-A8C1-0263A24E59F0}.Debug|Any CPU.ActiveCfg = Debug|Any CPU
		{117C46D9-CA8D-4686-A8C1-0263A24E59F0}.Debug|Any CPU.Build.0 = Debug|Any CPU
		{117C46D9-CA8D-4686-A8C1-0263A24E59F0}.Release|Any CPU.ActiveCfg = Release|Any CPU
		{117C46D9-CA8D-4686-A8C1-0263A24E59F0}.Release|Any CPU.Build.0 = Release|Any CPU
	EndGlobalSection
	GlobalSection(SolutionProperties) = preSolution
		HideSolutionNode = FALSE
	EndGlobalSection
	GlobalSection(ExtensibilityGlobals) = postSolution
		SolutionGuid = {EC7B4110-651A-43C6-8514-C1F1E631A544}
	EndGlobalSection
EndGlobal
